
Microsoft Visual Studio Solution File, Format Version 12.00
# Visual Studio Version 17
VisualStudioVersion = 17.14.36705.20 d17.14
MinimumVisualStudioVersion = 10.0.40219.1
Project("{8BC9CEB8-8B4A-11D0-8D11-00A0C91BC942}") = "v9968model", "v9968model\v9968model.vcxproj", "{4F7F5E2A-1274-45F6-B3D8-99C90343B328}"
EndProject
Global
	GlobalSection(SolutionConfigurationPlatforms) = preSolution
		Debug|x64 = Debug|x64
		Debug|x86 = Debug|x86
		Release|x64 = Release|x64
		Release|x86 = Release|x86
	EndGlobalSection
	GlobalSection(ProjectConfigurationPlatforms) = postSolution
		{4F7F5E2A-1274-45F6-B3D8-99C90343B328}.Debug|x64.ActiveCfg = Debug|x64
		{4F7F5E2A-1274-45F6-B3D8-99C90343B328}.Debug|x64.Build.0 = Debug|x64
		{4F7F5E2A-1274-45F6-B3D8-99C90343B328}.Debug|x86.ActiveCfg = Debug|Win32
		{4F7F5E2A-1274-45F6-B3D8-99C90343B328}.Debug|x86.Build.0 = Debug|Win32
		{4F7F5E2A-1274-45F6-B3D8-99C90343B328}.Release|x64.ActiveCfg = Release|x64
		{4F7F5E2A-1274-45F6-B3D8-99C90343B328}.Release|x64.Build.0 = Release|x64
		{4F7F5E2A-1274-45F6-B3D8-99C90343B328}.Release|x86.ActiveCfg = Release|Win32
		{4F7F5E2A-1274-45F6-B3D8-99C90343B328}.Release|x86.Build.0 = Release|Win32
	EndGlobalSection
	GlobalSection(SolutionProperties) = preSolution
		HideSolutionNode = FALSE
	EndGlobalSection
	GlobalSection(ExtensibilityGlobals) = postSolution
		SolutionGuid = {61B15B03-51C0-4DD9-87BE-6172974CC5C7}
	EndGlobalSection
EndGlobal
